
Microsoft Visual Studio Solution File, Format Version 12.00
# Visual Studio Version 17
VisualStudioVersion = 17.13.35931.197
MinimumVisualStudioVersion = 10.0.40219.1
Project("{FAE04EC0-301F-11D3-BF4B-00C04F79EFBC}") = "TravelEaseApp", "TravelEaseApp\TravelEaseApp.csproj", "{566556B5-831F-4D46-8116-FF4F5ED5933D}"
EndProject
Global
	GlobalSection(SolutionConfigurationPlatforms) = preSolution
		Debug|Any CPU = Debug|Any CPU
		Release|Any CPU = Release|Any CPU
	EndGlobalSection
	GlobalSection(ProjectConfigurationPlatforms) = postSolution
		{566556B5-831F-4D46-8116-FF4F5ED5933D}.Debug|Any CPU.ActiveCfg = Debug|Any CPU
		{566556B5-831F-4D46-8116-FF4F5ED5933D}.Debug|Any CPU.Build.0 = Debug|Any CPU
		{566556B5-831F-4D46-8116-FF4F5ED5933D}.Release|Any CPU.ActiveCfg = Release|Any CPU
		{566556B5-831F-4D46-8116-FF4F5ED5933D}.Release|Any CPU.Build.0 = Release|Any CPU
	EndGlobalSection
	GlobalSection(SolutionProperties) = preSolution
		HideSolutionNode = FALSE
	EndGlobalSection
	GlobalSection(ExtensibilityGlobals) = postSolution
		SolutionGuid = {81B9EA94-58C3-441E-ACF1-9F1C24AFE110}
	EndGlobalSection
EndGlobal
